
Microsoft Visual Studio Solution File, Format Version 12.00
# Visual Studio Version 16
VisualStudioVersion = 16.0.29609.76
MinimumVisualStudioVersion = 10.0.40219.1
Project("{FAE04EC0-301F-11D3-BF4B-00C04F79EFBC}") = "VehicleTrack_NetCore_API", "VehicleTrack_NetCore_API\VehicleTrack_NetCore_API.csproj", "{59BF5D8E-56C8-416B-9B99-D0613107B6FF}"
EndProject
Global
	GlobalSection(SolutionConfigurationPlatforms) = preSolution
		Debug|Any CPU = Debug|Any CPU
		Release|Any CPU = Release|Any CPU
	EndGlobalSection
	GlobalSection(ProjectConfigurationPlatforms) = postSolution
		{59BF5D8E-56C8-416B-9B99-D0613107B6FF}.Debug|Any CPU.ActiveCfg = Debug|Any CPU
		{59BF5D8E-56C8-416B-9B99-D0613107B6FF}.Debug|Any CPU.Build.0 = Debug|Any CPU
		{59BF5D8E-56C8-416B-9B99-D0613107B6FF}.Release|Any CPU.ActiveCfg = Release|Any CPU
		{59BF5D8E-56C8-416B-9B99-D0613107B6FF}.Release|Any CPU.Build.0 = Release|Any CPU
	EndGlobalSection
	GlobalSection(SolutionProperties) = preSolution
		HideSolutionNode = FALSE
	EndGlobalSection
	GlobalSection(ExtensibilityGlobals) = postSolution
		SolutionGuid = {5DDFA512-9B66-4D30-9533-B3AA59E73298}
	EndGlobalSection
EndGlobal
