
Microsoft Visual Studio Solution File, Format Version 12.00
# Visual Studio Version 16
VisualStudioVersion = 16.0.29609.76
MinimumVisualStudioVersion = 10.0.40219.1
Project("{FAE04EC0-301F-11D3-BF4B-00C04F79EFBC}") = "VehicleTrack_Blazor_ClientApp", "VehicleTrack_Blazor_ClientApp\VehicleTrack_Blazor_ClientApp.csproj", "{8D478924-543D-4EA7-B5A1-436FA975DDD4}"
	ProjectSection(ProjectDependencies) = postProject
		{8AE1A6F9-CF49-4BD6-AAFF-F57172B62456} = {8AE1A6F9-CF49-4BD6-AAFF-F57172B62456}
	EndProjectSection
EndProject
Project("{9A19103F-16F7-4668-BE54-9A1E7A4F7556}") = "VehicleTrack_NetCore_API", "..\VehicleTrack_NetCore_API\VehicleTrack_NetCore_API\VehicleTrack_NetCore_API.csproj", "{8AE1A6F9-CF49-4BD6-AAFF-F57172B62456}"
EndProject
Global
	GlobalSection(SolutionConfigurationPlatforms) = preSolution
		Debug|Any CPU = Debug|Any CPU
		Release|Any CPU = Release|Any CPU
	EndGlobalSection
	GlobalSection(ProjectConfigurationPlatforms) = postSolution
		{8D478924-543D-4EA7-B5A1-436FA975DDD4}.Debug|Any CPU.ActiveCfg = Debug|Any CPU
		{8D478924-543D-4EA7-B5A1-436FA975DDD4}.Debug|Any CPU.Build.0 = Debug|Any CPU
		{8D478924-543D-4EA7-B5A1-436FA975DDD4}.Release|Any CPU.ActiveCfg = Release|Any CPU
		{8D478924-543D-4EA7-B5A1-436FA975DDD4}.Release|Any CPU.Build.0 = Release|Any CPU
		{8AE1A6F9-CF49-4BD6-AAFF-F57172B62456}.Debug|Any CPU.ActiveCfg = Debug|Any CPU
		{8AE1A6F9-CF49-4BD6-AAFF-F57172B62456}.Debug|Any CPU.Build.0 = Debug|Any CPU
		{8AE1A6F9-CF49-4BD6-AAFF-F57172B62456}.Release|Any CPU.ActiveCfg = Release|Any CPU
		{8AE1A6F9-CF49-4BD6-AAFF-F57172B62456}.Release|Any CPU.Build.0 = Release|Any CPU
	EndGlobalSection
	GlobalSection(SolutionProperties) = preSolution
		HideSolutionNode = FALSE
	EndGlobalSection
	GlobalSection(ExtensibilityGlobals) = postSolution
		SolutionGuid = {AAB2F674-0A9A-4556-BE65-5D6E4EBB96AB}
	EndGlobalSection
EndGlobal
